
Microsoft Visual Studio Solution File, Format Version 12.00
# Visual Studio 15
VisualStudioVersion = 15.0.27130.2010
MinimumVisualStudioVersion = 10.0.40219.1
Project("{FAE04EC0-301F-11D3-BF4B-00C04F79EFBC}") = "Infra.Mongo.Repository", "infra\Infra.Mongo.Repository\Infra.Mongo.Repository.csproj", "{46C4CB02-20A2-4580-9ACF-B8091932D5D1}"
EndProject
Project("{FAE04EC0-301F-11D3-BF4B-00C04F79EFBC}") = "Infra.Aspnet.Middlewares", "infra\Infra.Aspnet.Middlewares\Infra.Aspnet.Middlewares.csproj", "{BC17FF4C-8F33-4374-BDE3-6876248BA8C4}"
EndProject
Project("{FAE04EC0-301F-11D3-BF4B-00C04F79EFBC}") = "Infra.Exceptions", "infra\Infra.Exceptions\Infra.Exceptions.csproj", "{B0D6880B-BA82-4AB5-9A6A-8BE6AE461CE1}"
EndProject
Global
	GlobalSection(SolutionConfigurationPlatforms) = preSolution
		Debug|Any CPU = Debug|Any CPU
		Release|Any CPU = Release|Any CPU
	EndGlobalSection
	GlobalSection(ProjectConfigurationPlatforms) = postSolution
		{46C4CB02-20A2-4580-9ACF-B8091932D5D1}.Debug|Any CPU.ActiveCfg = Debug|Any CPU
		{46C4CB02-20A2-4580-9ACF-B8091932D5D1}.Debug|Any CPU.Build.0 = Debug|Any CPU
		{46C4CB02-20A2-4580-9ACF-B8091932D5D1}.Release|Any CPU.ActiveCfg = Release|Any CPU
		{46C4CB02-20A2-4580-9ACF-B8091932D5D1}.Release|Any CPU.Build.0 = Release|Any CPU
		{BC17FF4C-8F33-4374-BDE3-6876248BA8C4}.Debug|Any CPU.ActiveCfg = Debug|Any CPU
		{BC17FF4C-8F33-4374-BDE3-6876248BA8C4}.Debug|Any CPU.Build.0 = Debug|Any CPU
		{BC17FF4C-8F33-4374-BDE3-6876248BA8C4}.Release|Any CPU.ActiveCfg = Release|Any CPU
		{BC17FF4C-8F33-4374-BDE3-6876248BA8C4}.Release|Any CPU.Build.0 = Release|Any CPU
		{B0D6880B-BA82-4AB5-9A6A-8BE6AE461CE1}.Debug|Any CPU.ActiveCfg = Debug|Any CPU
		{B0D6880B-BA82-4AB5-9A6A-8BE6AE461CE1}.Debug|Any CPU.Build.0 = Debug|Any CPU
		{B0D6880B-BA82-4AB5-9A6A-8BE6AE461CE1}.Release|Any CPU.ActiveCfg = Release|Any CPU
		{B0D6880B-BA82-4AB5-9A6A-8BE6AE461CE1}.Release|Any CPU.Build.0 = Release|Any CPU
	EndGlobalSection
	GlobalSection(SolutionProperties) = preSolution
		HideSolutionNode = FALSE
	EndGlobalSection
	GlobalSection(ExtensibilityGlobals) = postSolution
		SolutionGuid = {0194E718-331A-4C8A-A944-E23365D28154}
	EndGlobalSection
EndGlobal
